
Microsoft Visual Studio Solution File, Format Version 12.00
# Visual Studio 2013
VisualStudioVersion = 12.0.31101.0
MinimumVisualStudioVersion = 10.0.40219.1
Project("{FAE04EC0-301F-11D3-BF4B-00C04F79EFBC}") = "ItvwMillenium", "ItvwMillenium\ItvwMillenium.csproj", "{AF3F5AFD-0AC9-41F1-872E-BD3AB8B3DFD6}"
EndProject
Project("{FAE04EC0-301F-11D3-BF4B-00C04F79EFBC}") = "SoftwareTest", "SoftwareTest\SoftwareTest.csproj", "{8A7A97BA-9F80-4924-AAFB-DE5AA4AE46A3}"
EndProject
Global
	GlobalSection(SolutionConfigurationPlatforms) = preSolution
		Debug|Any CPU = Debug|Any CPU
		Release|Any CPU = Release|Any CPU
	EndGlobalSection
	GlobalSection(ProjectConfigurationPlatforms) = postSolution
		{AF3F5AFD-0AC9-41F1-872E-BD3AB8B3DFD6}.Debug|Any CPU.ActiveCfg = Debug|Any CPU
		{AF3F5AFD-0AC9-41F1-872E-BD3AB8B3DFD6}.Debug|Any CPU.Build.0 = Debug|Any CPU
		{AF3F5AFD-0AC9-41F1-872E-BD3AB8B3DFD6}.Release|Any CPU.ActiveCfg = Release|Any CPU
		{AF3F5AFD-0AC9-41F1-872E-BD3AB8B3DFD6}.Release|Any CPU.Build.0 = Release|Any CPU
		{8A7A97BA-9F80-4924-AAFB-DE5AA4AE46A3}.Debug|Any CPU.ActiveCfg = Debug|Any CPU
		{8A7A97BA-9F80-4924-AAFB-DE5AA4AE46A3}.Debug|Any CPU.Build.0 = Debug|Any CPU
		{8A7A97BA-9F80-4924-AAFB-DE5AA4AE46A3}.Release|Any CPU.ActiveCfg = Release|Any CPU
		{8A7A97BA-9F80-4924-AAFB-DE5AA4AE46A3}.Release|Any CPU.Build.0 = Release|Any CPU
	EndGlobalSection
	GlobalSection(SolutionProperties) = preSolution
		HideSolutionNode = FALSE
	EndGlobalSection
EndGlobal
